
Microsoft Visual Studio Solution File, Format Version 12.00
Project("{FAE04EC0-301F-11D3-BF4B-00C04F79EFBC}") = "JWT", "JWT\JWT.csproj", "{BB5E36AE-79BE-49CE-A61E-D4557640657A}"
EndProject
Project("{FAE04EC0-301F-11D3-BF4B-00C04F79EFBC}") = "CookieStateless", "CookieStateless\CookieStateless.csproj", "{458F1028-C268-44BE-8562-447939BFBD31}"
EndProject
Global
	GlobalSection(SolutionConfigurationPlatforms) = preSolution
		Debug|Any CPU = Debug|Any CPU
		Release|Any CPU = Release|Any CPU
	EndGlobalSection
	GlobalSection(ProjectConfigurationPlatforms) = postSolution
		{BB5E36AE-79BE-49CE-A61E-D4557640657A}.Debug|Any CPU.ActiveCfg = Debug|Any CPU
		{BB5E36AE-79BE-49CE-A61E-D4557640657A}.Debug|Any CPU.Build.0 = Debug|Any CPU
		{BB5E36AE-79BE-49CE-A61E-D4557640657A}.Release|Any CPU.ActiveCfg = Release|Any CPU
		{BB5E36AE-79BE-49CE-A61E-D4557640657A}.Release|Any CPU.Build.0 = Release|Any CPU
		{458F1028-C268-44BE-8562-447939BFBD31}.Debug|Any CPU.ActiveCfg = Debug|Any CPU
		{458F1028-C268-44BE-8562-447939BFBD31}.Debug|Any CPU.Build.0 = Debug|Any CPU
		{458F1028-C268-44BE-8562-447939BFBD31}.Release|Any CPU.ActiveCfg = Release|Any CPU
		{458F1028-C268-44BE-8562-447939BFBD31}.Release|Any CPU.Build.0 = Release|Any CPU
	EndGlobalSection
EndGlobal
